// !$*UTF8*$!
{
	archiveVersion = 1;
	classes = {
	};
	objectVersion = 55;
	objects = {

/* Begin PBXBuildFile section */
		4355EE1F28AB7CA200280161 /* WeatherManager.swift in Sources */ = {isa = PBXBuildFile; fileRef = 4355EE1E28AB7CA100280161 /* WeatherManager.swift */; };
		4398007C28A50DB6005775E3 /* AppDelegate.swift in Sources */ = {isa = PBXBuildFile; fileRef = 4398007B28A50DB6005775E3 /* AppDelegate.swift */; };
		4398007E28A50DB6005775E3 /* SceneDelegate.swift in Sources */ = {isa = PBXBuildFile; fileRef = 4398007D28A50DB6005775E3 /* SceneDelegate.swift */; };
		4398008028A50DB7005775E3 /* ViewController.swift in Sources */ = {isa = PBXBuildFile; fileRef = 4398007F28A50DB7005775E3 /* ViewController.swift */; };
		4398008328A50DB7005775E3 /* Main.storyboard in Resources */ = {isa = PBXBuildFile; fileRef = 4398008128A50DB7005775E3 /* Main.storyboard */; };
		4398008628A50DB8005775E3 /* FindWeather.xcdatamodeld in Sources */ = {isa = PBXBuildFile; fileRef = 4398008428A50DB7005775E3 /* FindWeather.xcdatamodeld */; };
		4398008828A50DE1005775E3 /* Assets.xcassets in Resources */ = {isa = PBXBuildFile; fileRef = 4398008728A50DE1005775E3 /* Assets.xcassets */; };
		4398008B28A50DE1005775E3 /* LaunchScreen.storyboard in Resources */ = {isa = PBXBuildFile; fileRef = 4398008928A50DE1005775E3 /* LaunchScreen.storyboard */; };
		439800AF28A53824005775E3 /* WeatherData.swift in Sources */ = {isa = PBXBuildFile; fileRef = 439800AE28A53822005775E3 /* WeatherData.swift */; };
		70ED1BC37DC034DBF494017B /* Pods_FindWeatherTests.framework in Frameworks */ = {isa = PBXBuildFile; fileRef = A56A07157AFFC30B013E0E0A /* Pods_FindWeatherTests.framework */; };
		7D20E8EDC817C57565C3912F /* Pods_FindWeather_FindWeatherUITests.framework in Frameworks */ = {isa = PBXBuildFile; fileRef = 07D5773CED8ADEA97C855C7D /* Pods_FindWeather_FindWeatherUITests.framework */; };
		EFF48534E24238BE67AE9729 /* Pods_FindWeather.framework in Frameworks */ = {isa = PBXBuildFile; fileRef = EF707E3DDB8083C293F463EE /* Pods_FindWeather.framework */; };
/* End PBXBuildFile section */

/* Begin PBXContainerItemProxy section */
		4398009228A50DE1005775E3 /* PBXContainerItemProxy */ = {
			isa = PBXContainerItemProxy;
			containerPortal = 4398007028A50DB5005775E3 /* Project object */;
			proxyType = 1;
			remoteGlobalIDString = 4398007728A50DB6005775E3;
			remoteInfo = FindWeather;
		};
		4398009C28A50DE1005775E3 /* PBXContainerItemProxy */ = {
			isa = PBXContainerItemProxy;
			containerPortal = 4398007028A50DB5005775E3 /* Project object */;
			proxyType = 1;
			remoteGlobalIDString = 4398007728A50DB6005775E3;
			remoteInfo = FindWeather;
		};
/* End PBXContainerItemProxy section */

/* Begin PBXFileReference section */
		07D5773CED8ADEA97C855C7D /* Pods_FindWeather_FindWeatherUITests.framework */ = {isa = PBXFileReference; explicitFileType = wrapper.framework; includeInIndex = 0; path = Pods_FindWeather_FindWeatherUITests.framework; sourceTree = BUILT_PRODUCTS_DIR; };
		114015B429B8ADDFB3CBC1AD /* Pods-FindWeather-FindWeatherUITests.debug.xcconfig */ = {isa = PBXFileReference; includeInIndex = 1; lastKnownFileType = text.xcconfig; name = "Pods-FindWeather-FindWeatherUITests.debug.xcconfig"; path = "Target Support Files/Pods-FindWeather-FindWeatherUITests/Pods-FindWeather-FindWeatherUITests.debug.xcconfig"; sourceTree = "<group>"; };
		1691AF70DFC7F5E19CFCF967 /* Pods-FindWeather.release.xcconfig */ = {isa = PBXFileReference; includeInIndex = 1; lastKnownFileType = text.xcconfig; name = "Pods-FindWeather.release.xcconfig"; path = "Target Support Files/Pods-FindWeather/Pods-FindWeather.release.xcconfig"; sourceTree = "<group>"; };
		4355EE1E28AB7CA100280161 /* WeatherManager.swift */ = {isa = PBXFileReference; lastKnownFileType = sourcecode.swift; path = WeatherManager.swift; sourceTree = "<group>"; };
		4398007828A50DB6005775E3 /* FindWeather.app */ = {isa = PBXFileReference; explicitFileType = wrapper.application; includeInIndex = 0; path = FindWeather.app; sourceTree = BUILT_PRODUCTS_DIR; };
		4398007B28A50DB6005775E3 /* AppDelegate.swift */ = {isa = PBXFileReference; lastKnownFileType = sourcecode.swift; path = AppDelegate.swift; sourceTree = "<group>"; };
		4398007D28A50DB6005775E3 /* SceneDelegate.swift */ = {isa = PBXFileReference; lastKnownFileType = sourcecode.swift; path = SceneDelegate.swift; sourceTree = "<group>"; };
		4398007F28A50DB7005775E3 /* ViewController.swift */ = {isa = PBXFileReference; lastKnownFileType = sourcecode.swift; path = ViewController.swift; sourceTree = "<group>"; };
		4398008228A50DB7005775E3 /* Base */ = {isa = PBXFileReference; lastKnownFileType = file.storyboard; name = Base; path = Base.lproj/Main.storyboard; sourceTree = "<group>"; };
		4398008528A50DB7005775E3 /* FindWeather.xcdatamodel */ = {isa = PBXFileReference; lastKnownFileType = wrapper.xcdatamodel; path = FindWeather.xcdatamodel; sourceTree = "<group>"; };
		4398008728A50DE1005775E3 /* Assets.xcassets */ = {isa = PBXFileReference; lastKnownFileType = folder.assetcatalog; path = Assets.xcassets; sourceTree = "<group>"; };
		4398008A28A50DE1005775E3 /* Base */ = {isa = PBXFileReference; lastKnownFileType = file.storyboard; name = Base; path = Base.lproj/LaunchScreen.storyboard; sourceTree = "<group>"; };
		4398008C28A50DE1005775E3 /* Info.plist */ = {isa = PBXFileReference; lastKnownFileType = text.plist.xml; path = Info.plist; sourceTree = "<group>"; };
		4398009128A50DE1005775E3 /* FindWeatherTests.xctest */ = {isa = PBXFileReference; explicitFileType = wrapper.cfbundle; includeInIndex = 0; path = FindWeatherTests.xctest; sourceTree = BUILT_PRODUCTS_DIR; };
		4398009B28A50DE1005775E3 /* FindWeatherUITests.xctest */ = {isa = PBXFileReference; explicitFileType = wrapper.cfbundle; includeInIndex = 0; path = FindWeatherUITests.xctest; sourceTree = BUILT_PRODUCTS_DIR; };
		439800AE28A53822005775E3 /* WeatherData.swift */ = {isa = PBXFileReference; lastKnownFileType = sourcecode.swift; path = WeatherData.swift; sourceTree = "<group>"; };
		96B71859F95C4FB6E22DBDCE /* Pods-FindWeather-FindWeatherUITests.release.xcconfig */ = {isa = PBXFileReference; includeInIndex = 1; lastKnownFileType = text.xcconfig; name = "Pods-FindWeather-FindWeatherUITests.release.xcconfig"; path = "Target Support Files/Pods-FindWeather-FindWeatherUITests/Pods-FindWeather-FindWeatherUITests.release.xcconfig"; sourceTree = "<group>"; };
		997062BAA99549F38602A20E /* Pods-FindWeatherTests.release.xcconfig */ = {isa = PBXFileReference; includeInIndex = 1; lastKnownFileType = text.xcconfig; name = "Pods-FindWeatherTests.release.xcconfig"; path = "Target Support Files/Pods-FindWeatherTests/Pods-FindWeatherTests.release.xcconfig"; sourceTree = "<group>"; };
		A56A07157AFFC30B013E0E0A /* Pods_FindWeatherTests.framework */ = {isa = PBXFileReference; explicitFileType = wrapper.framework; includeInIndex = 0; path = Pods_FindWeatherTests.framework; sourceTree = BUILT_PRODUCTS_DIR; };
		B90DDC0015702D0D12189709 /* Pods-FindWeatherTests.debug.xcconfig */ = {isa = PBXFileReference; includeInIndex = 1; lastKnownFileType = text.xcconfig; name = "Pods-FindWeatherTests.debug.xcconfig"; path = "Target Support Files/Pods-FindWeatherTests/Pods-FindWeatherTests.debug.xcconfig"; sourceTree = "<group>"; };
		EBCF05EFF7E664A32F675754 /* Pods-FindWeather.debug.xcconfig */ = {isa = PBXFileReference; includeInIndex = 1; lastKnownFileType = text.xcconfig; name = "Pods-FindWeather.debug.xcconfig"; path = "Target Support Files/Pods-FindWeather/Pods-FindWeather.debug.xcconfig"; sourceTree = "<group>"; };
		EF707E3DDB8083C293F463EE /* Pods_FindWeather.framework */ = {isa = PBXFileReference; explicitFileType = wrapper.framework; includeInIndex = 0; path = Pods_FindWeather.framework; sourceTree = BUILT_PRODUCTS_DIR; };
/* End PBXFileReference section */

/* Begin PBXFrameworksBuildPhase section */
		4398007528A50DB6005775E3 /* Frameworks */ = {
			isa = PBXFrameworksBuildPhase;
			buildActionMask = 2147483647;
			files = (
				EFF48534E24238BE67AE9729 /* Pods_FindWeather.framework in Frameworks */,
			);
			runOnlyForDeploymentPostprocessing = 0;
		};
		4398008E28A50DE1005775E3 /* Frameworks */ = {
			isa = PBXFrameworksBuildPhase;
			buildActionMask = 2147483647;
			files = (
				70ED1BC37DC034DBF494017B /* Pods_FindWeatherTests.framework in Frameworks */,
			);
			runOnlyForDeploymentPostprocessing = 0;
		};
		4398009828A50DE1005775E3 /* Frameworks */ = {
			isa = PBXFrameworksBuildPhase;
			buildActionMask = 2147483647;
			files = (
				7D20E8EDC817C57565C3912F /* Pods_FindWeather_FindWeatherUITests.framework in Frameworks */,
			);
			runOnlyForDeploymentPostprocessing = 0;
		};
/* End PBXFrameworksBuildPhase section */

/* Begin PBXGroup section */
		4398006F28A50DB5005775E3 = {
			isa = PBXGroup;
			children = (
				4398007A28A50DB6005775E3 /* FindWeather */,
				4398007928A50DB6005775E3 /* Products */,
				773F5A096DCDE82533592F1A /* Pods */,
				6FF0CAD019E1E5DFF452995C /* Frameworks */,
			);
			sourceTree = "<group>";
		};
		4398007928A50DB6005775E3 /* Products */ = {
			isa = PBXGroup;
			children = (
				4398007828A50DB6005775E3 /* FindWeather.app */,
				4398009128A50DE1005775E3 /* FindWeatherTests.xctest */,
				4398009B28A50DE1005775E3 /* FindWeatherUITests.xctest */,
			);
			name = Products;
			sourceTree = "<group>";
		};
		4398007A28A50DB6005775E3 /* FindWeather */ = {
			isa = PBXGroup;
			children = (
				4398007B28A50DB6005775E3 /* AppDelegate.swift */,
				4398007D28A50DB6005775E3 /* SceneDelegate.swift */,
				4398007F28A50DB7005775E3 /* ViewController.swift */,
				4355EE1E28AB7CA100280161 /* WeatherManager.swift */,
				439800AE28A53822005775E3 /* WeatherData.swift */,
				4398008128A50DB7005775E3 /* Main.storyboard */,
				4398008728A50DE1005775E3 /* Assets.xcassets */,
				4398008928A50DE1005775E3 /* LaunchScreen.storyboard */,
				4398008C28A50DE1005775E3 /* Info.plist */,
				4398008428A50DB7005775E3 /* FindWeather.xcdatamodeld */,
			);
			path = FindWeather;
			sourceTree = "<group>";
		};
		6FF0CAD019E1E5DFF452995C /* Frameworks */ = {
			isa = PBXGroup;
			children = (
				EF707E3DDB8083C293F463EE /* Pods_FindWeather.framework */,
				07D5773CED8ADEA97C855C7D /* Pods_FindWeather_FindWeatherUITests.framework */,
				A56A07157AFFC30B013E0E0A /* Pods_FindWeatherTests.framework */,
			);
			name = Frameworks;
			sourceTree = "<group>";
		};
		773F5A096DCDE82533592F1A /* Pods */ = {
			isa = PBXGroup;
			children = (
				EBCF05EFF7E664A32F675754 /* Pods-FindWeather.debug.xcconfig */,
				1691AF70DFC7F5E19CFCF967 /* Pods-FindWeather.release.xcconfig */,
				114015B429B8ADDFB3CBC1AD /* Pods-FindWeather-FindWeatherUITests.debug.xcconfig */,
				96B71859F95C4FB6E22DBDCE /* Pods-FindWeather-FindWeatherUITests.release.xcconfig */,
				B90DDC0015702D0D12189709 /* Pods-FindWeatherTests.debug.xcconfig */,
				997062BAA99549F38602A20E /* Pods-FindWeatherTests.release.xcconfig */,
			);
			name = Pods;
			path = Pods;
			sourceTree = "<group>";
		};
/* End PBXGroup section */

/* Begin PBXNativeTarget section */
		4398007728A50DB6005775E3 /* FindWeather */ = {
			isa = PBXNativeTarget;
			buildConfigurationList = 439800A528A50DE1005775E3 /* Build configuration list for PBXNativeTarget "FindWeather" */;
			buildPhases = (
				C907674C26D0144B21405382 /* [CP] Check Pods Manifest.lock */,
				4398007428A50DB6005775E3 /* Sources */,
				4398007528A50DB6005775E3 /* Frameworks */,
				4398007628A50DB6005775E3 /* Resources */,
				57965ACAC0B03BDE56AB779C /* [CP] Embed Pods Frameworks */,
			);
			buildRules = (
			);
			dependencies = (
			);
			name = FindWeather;
			productName = FindWeather;
			productReference = 4398007828A50DB6005775E3 /* FindWeather.app */;
			productType = "com.apple.product-type.application";
		};
		4398009028A50DE1005775E3 /* FindWeatherTests */ = {
			isa = PBXNativeTarget;
			buildConfigurationList = 439800A828A50DE1005775E3 /* Build configuration list for PBXNativeTarget "FindWeatherTests" */;
			buildPhases = (
				87CF011F9B452B41F2A9D052 /* [CP] Check Pods Manifest.lock */,
				4398008D28A50DE1005775E3 /* Sources */,
				4398008E28A50DE1005775E3 /* Frameworks */,
				4398008F28A50DE1005775E3 /* Resources */,
			);
			buildRules = (
			);
			dependencies = (
				4398009328A50DE1005775E3 /* PBXTargetDependency */,
			);
			name = FindWeatherTests;
			productName = FindWeatherTests;
			productReference = 4398009128A50DE1005775E3 /* FindWeatherTests.xctest */;
			productType = "com.apple.product-type.bundle.unit-test";
		};
		4398009A28A50DE1005775E3 /* FindWeatherUITests */ = {
			isa = PBXNativeTarget;
			buildConfigurationList = 439800AB28A50DE1005775E3 /* Build configuration list for PBXNativeTarget "FindWeatherUITests" */;
			buildPhases = (
				C5E530FEF2BA5E98885B769F /* [CP] Check Pods Manifest.lock */,
				4398009728A50DE1005775E3 /* Sources */,
				4398009828A50DE1005775E3 /* Frameworks */,
				4398009928A50DE1005775E3 /* Resources */,
				1878FD5E0C587F45B012B5F6 /* [CP] Embed Pods Frameworks */,
			);
			buildRules = (
			);
			dependencies = (
				4398009D28A50DE1005775E3 /* PBXTargetDependency */,
			);
			name = FindWeatherUITests;
			productName = FindWeatherUITests;
			productReference = 4398009B28A50DE1005775E3 /* FindWeatherUITests.xctest */;
			productType = "com.apple.product-type.bundle.ui-testing";
		};
/* End PBXNativeTarget section */

/* Begin PBXProject section */
		4398007028A50DB5005775E3 /* Project object */ = {
			isa = PBXProject;
			attributes = {
				BuildIndependentTargetsInParallel = 1;
				LastSwiftUpdateCheck = 1340;
				LastUpgradeCheck = 1340;
				TargetAttributes = {
					4398007728A50DB6005775E3 = {
						CreatedOnToolsVersion = 13.4.1;
					};
					4398009028A50DE1005775E3 = {
						CreatedOnToolsVersion = 13.4.1;
						TestTargetID = 4398007728A50DB6005775E3;
					};
					4398009A28A50DE1005775E3 = {
						CreatedOnToolsVersion = 13.4.1;
						TestTargetID = 4398007728A50DB6005775E3;
					};
				};
			};
			buildConfigurationList = 4398007328A50DB6005775E3 /* Build configuration list for PBXProject "FindWeather" */;
			compatibilityVersion = "Xcode 13.0";
			developmentRegion = en;
			hasScannedForEncodings = 0;
			knownRegions = (
				en,
				Base,
			);
			mainGroup = 4398006F28A50DB5005775E3;
			productRefGroup = 4398007928A50DB6005775E3 /* Products */;
			projectDirPath = "";
			projectRoot = "";
			targets = (
				4398007728A50DB6005775E3 /* FindWeather */,
				4398009028A50DE1005775E3 /* FindWeatherTests */,
				4398009A28A50DE1005775E3 /* FindWeatherUITests */,
			);
		};
/* End PBXProject section */

/* Begin PBXResourcesBuildPhase section */
		4398007628A50DB6005775E3 /* Resources */ = {
			isa = PBXResourcesBuildPhase;
			buildActionMask = 2147483647;
			files = (
				4398008B28A50DE1005775E3 /* LaunchScreen.storyboard in Resources */,
				4398008828A50DE1005775E3 /* Assets.xcassets in Resources */,
				4398008328A50DB7005775E3 /* Main.storyboard in Resources */,
			);
			runOnlyForDeploymentPostprocessing = 0;
		};
		4398008F28A50DE1005775E3 /* Resources */ = {
			isa = PBXResourcesBuildPhase;
			buildActionMask = 2147483647;
			files = (
			);
			runOnlyForDeploymentPostprocessing = 0;
		};
		4398009928A50DE1005775E3 /* Resources */ = {
			isa = PBXResourcesBuildPhase;
			buildActionMask = 2147483647;
			files = (
			);
			runOnlyForDeploymentPostprocessing = 0;
		};
/* End PBXResourcesBuildPhase section */

/* Begin PBXShellScriptBuildPhase section */
		1878FD5E0C587F45B012B5F6 /* [CP] Embed Pods Frameworks */ = {
			isa = PBXShellScriptBuildPhase;
			buildActionMask = 2147483647;
			files = (
			);
			inputFileListPaths = (
				"${PODS_ROOT}/Target Support Files/Pods-FindWeather-FindWeatherUITests/Pods-FindWeather-FindWeatherUITests-frameworks-${CONFIGURATION}-input-files.xcfilelist",
			);
			name = "[CP] Embed Pods Frameworks";
			outputFileListPaths = (
				"${PODS_ROOT}/Target Support Files/Pods-FindWeather-FindWeatherUITests/Pods-FindWeather-FindWeatherUITests-frameworks-${CONFIGURATION}-output-files.xcfilelist",
			);
			runOnlyForDeploymentPostprocessing = 0;
			shellPath = /bin/sh;
			shellScript = "\"${PODS_ROOT}/Target Support Files/Pods-FindWeather-FindWeatherUITests/Pods-FindWeather-FindWeatherUITests-frameworks.sh\"\n";
			showEnvVarsInLog = 0;
		};
		57965ACAC0B03BDE56AB779C /* [CP] Embed Pods Frameworks */ = {
			isa = PBXShellScriptBuildPhase;
			buildActionMask = 2147483647;
			files = (
			);
			inputFileListPaths = (
				"${PODS_ROOT}/Target Support Files/Pods-FindWeather/Pods-FindWeather-frameworks-${CONFIGURATION}-input-files.xcfilelist",
			);
			name = "[CP] Embed Pods Frameworks";
			outputFileListPaths = (
				"${PODS_ROOT}/Target Support Files/Pods-FindWeather/Pods-FindWeather-frameworks-${CONFIGURATION}-output-files.xcfilelist",
			);
			runOnlyForDeploymentPostprocessing = 0;
			shellPath = /bin/sh;
			shellScript = "\"${PODS_ROOT}/Target Support Files/Pods-FindWeather/Pods-FindWeather-frameworks.sh\"\n";
			showEnvVarsInLog = 0;
		};
		87CF011F9B452B41F2A9D052 /* [CP] Check Pods Manifest.lock */ = {
			isa = PBXShellScriptBuildPhase;
			buildActionMask = 2147483647;
			files = (
			);
			inputFileListPaths = (
			);
			inputPaths = (
				"${PODS_PODFILE_DIR_PATH}/Podfile.lock",
				"${PODS_ROOT}/Manifest.lock",
			);
			name = "[CP] Check Pods Manifest.lock";
			outputFileListPaths = (
			);
			outputPaths = (
				"$(DERIVED_FILE_DIR)/Pods-FindWeatherTests-checkManifestLockResult.txt",
			);
			runOnlyForDeploymentPostprocessing = 0;
			shellPath = /bin/sh;
			shellScript = "diff \"${PODS_PODFILE_DIR_PATH}/Podfile.lock\" \"${PODS_ROOT}/Manifest.lock\" > /dev/null\nif [ $? != 0 ] ; then\n    # print error to STDERR\n    echo \"error: The sandbox is not in sync with the Podfile.lock. Run 'pod install' or update your CocoaPods installation.\" >&2\n    exit 1\nfi\n# This output is used by Xcode 'outputs' to avoid re-running this script phase.\necho \"SUCCESS\" > \"${SCRIPT_OUTPUT_FILE_0}\"\n";
			showEnvVarsInLog = 0;
		};
		C5E530FEF2BA5E98885B769F /* [CP] Check Pods Manifest.lock */ = {
			isa = PBXShellScriptBuildPhase;
			buildActionMask = 2147483647;
			files = (
			);
			inputFileListPaths = (
			);
			inputPaths = (
				"${PODS_PODFILE_DIR_PATH}/Podfile.lock",
				"${PODS_ROOT}/Manifest.lock",
			);
			name = "[CP] Check Pods Manifest.lock";
			outputFileListPaths = (
			);
			outputPaths = (
				"$(DERIVED_FILE_DIR)/Pods-FindWeather-FindWeatherUITests-checkManifestLockResult.txt",
			);
			runOnlyForDeploymentPostprocessing = 0;
			shellPath = /bin/sh;
			shellScript = "diff \"${PODS_PODFILE_DIR_PATH}/Podfile.lock\" \"${PODS_ROOT}/Manifest.lock\" > /dev/null\nif [ $? != 0 ] ; then\n    # print error to STDERR\n    echo \"error: The sandbox is not in sync with the Podfile.lock. Run 'pod install' or update your CocoaPods installation.\" >&2\n    exit 1\nfi\n# This output is used by Xcode 'outputs' to avoid re-running this script phase.\necho \"SUCCESS\" > \"${SCRIPT_OUTPUT_FILE_0}\"\n";
			showEnvVarsInLog = 0;
		};
		C907674C26D0144B21405382 /* [CP] Check Pods Manifest.lock */ = {
			isa = PBXShellScriptBuildPhase;
			buildActionMask = 2147483647;
			files = (
			);
			inputFileListPaths = (
			);
			inputPaths = (
				"${PODS_PODFILE_DIR_PATH}/Podfile.lock",
				"${PODS_ROOT}/Manifest.lock",
			);
			name = "[CP] Check Pods Manifest.lock";
			outputFileListPaths = (
			);
			outputPaths = (
				"$(DERIVED_FILE_DIR)/Pods-FindWeather-checkManifestLockResult.txt",
			);
			runOnlyForDeploymentPostprocessing = 0;
			shellPath = /bin/sh;
			shellScript = "diff \"${PODS_PODFILE_DIR_PATH}/Podfile.lock\" \"${PODS_ROOT}/Manifest.lock\" > /dev/null\nif [ $? != 0 ] ; then\n    # print error to STDERR\n    echo \"error: The sandbox is not in sync with the Podfile.lock. Run 'pod install' or update your CocoaPods installation.\" >&2\n    exit 1\nfi\n# This output is used by Xcode 'outputs' to avoid re-running this script phase.\necho \"SUCCESS\" > \"${SCRIPT_OUTPUT_FILE_0}\"\n";
			showEnvVarsInLog = 0;
		};
/* End PBXShellScriptBuildPhase section */

/* Begin PBXSourcesBuildPhase section */
		4398007428A50DB6005775E3 /* Sources */ = {
			isa = PBXSourcesBuildPhase;
			buildActionMask = 2147483647;
			files = (
				4355EE1F28AB7CA200280161 /* WeatherManager.swift in Sources */,
				4398008028A50DB7005775E3 /* ViewController.swift in Sources */,
				439800AF28A53824005775E3 /* WeatherData.swift in Sources */,
				4398008628A50DB8005775E3 /* FindWeather.xcdatamodeld in Sources */,
				4398007C28A50DB6005775E3 /* AppDelegate.swift in Sources */,
				4398007E28A50DB6005775E3 /* SceneDelegate.swift in Sources */,
			);
			runOnlyForDeploymentPostprocessing = 0;
		};
		4398008D28A50DE1005775E3 /* Sources */ = {
			isa = PBXSourcesBuildPhase;
			buildActionMask = 2147483647;
			files = (
			);
			runOnlyForDeploymentPostprocessing = 0;
		};
		4398009728A50DE1005775E3 /* Sources */ = {
			isa = PBXSourcesBuildPhase;
			buildActionMask = 2147483647;
			files = (
			);
			runOnlyForDeploymentPostprocessing = 0;
		};
/* End PBXSourcesBuildPhase section */

/* Begin PBXTargetDependency section */
		4398009328A50DE1005775E3 /* PBXTargetDependency */ = {
			isa = PBXTargetDependency;
			target = 4398007728A50DB6005775E3 /* FindWeather */;
			targetProxy = 4398009228A50DE1005775E3 /* PBXContainerItemProxy */;
		};
		4398009D28A50DE1005775E3 /* PBXTargetDependency */ = {
			isa = PBXTargetDependency;
			target = 4398007728A50DB6005775E3 /* FindWeather */;
			targetProxy = 4398009C28A50DE1005775E3 /* PBXContainerItemProxy */;
		};
/* End PBXTargetDependency section */

/* Begin PBXVariantGroup section */
		4398008128A50DB7005775E3 /* Main.storyboard */ = {
			isa = PBXVariantGroup;
			children = (
				4398008228A50DB7005775E3 /* Base */,
			);
			name = Main.storyboard;
			sourceTree = "<group>";
		};
		4398008928A50DE1005775E3 /* LaunchScreen.storyboard */ = {
			isa = PBXVariantGroup;
			children = (
				4398008A28A50DE1005775E3 /* Base */,
			);
			name = LaunchScreen.storyboard;
			sourceTree = "<group>";
		};
/* End PBXVariantGroup section */

/* Begin XCBuildConfiguration section */
		439800A328A50DE1005775E3 /* Debug */ = {
			isa = XCBuildConfiguration;
			buildSettings = {
				ALWAYS_SEARCH_USER_PATHS = NO;
				CLANG_ANALYZER_NONNULL = YES;
				CLANG_ANALYZER_NUMBER_OBJECT_CONVERSION = YES_AGGRESSIVE;
				CLANG_CXX_LANGUAGE_STANDARD = "gnu++17";
				CLANG_ENABLE_MODULES = YES;
				CLANG_ENABLE_OBJC_ARC = YES;
				CLANG_ENABLE_OBJC_WEAK = YES;
				CLANG_WARN_BLOCK_CAPTURE_AUTORELEASING = YES;
				CLANG_WARN_BOOL_CONVERSION = YES;
				CLANG_WARN_COMMA = YES;
				CLANG_WARN_CONSTANT_CONVERSION = YES;
				CLANG_WARN_DEPRECATED_OBJC_IMPLEMENTATIONS = YES;
				CLANG_WARN_DIRECT_OBJC_ISA_USAGE = YES_ERROR;
				CLANG_WARN_DOCUMENTATION_COMMENTS = YES;
				CLANG_WARN_EMPTY_BODY = YES;
				CLANG_WARN_ENUM_CONVERSION = YES;
				CLANG_WARN_INFINITE_RECURSION = YES;
				CLANG_WARN_INT_CONVERSION = YES;
				CLANG_WARN_NON_LITERAL_NULL_CONVERSION = YES;
				CLANG_WARN_OBJC_IMPLICIT_RETAIN_SELF = YES;
				CLANG_WARN_OBJC_LITERAL_CONVERSION = YES;
				CLANG_WARN_OBJC_ROOT_CLASS = YES_ERROR;
				CLANG_WARN_QUOTED_INCLUDE_IN_FRAMEWORK_HEADER = YES;
				CLANG_WARN_RANGE_LOOP_ANALYSIS = YES;
				CLANG_WARN_STRICT_PROTOTYPES = YES;
				CLANG_WARN_SUSPICIOUS_MOVE = YES;
				CLANG_WARN_UNGUARDED_AVAILABILITY = YES_AGGRESSIVE;
				CLANG_WARN_UNREACHABLE_CODE = YES;
				CLANG_WARN__DUPLICATE_METHOD_MATCH = YES;
				COPY_PHASE_STRIP = NO;
				DEBUG_INFORMATION_FORMAT = dwarf;
				ENABLE_STRICT_OBJC_MSGSEND = YES;
				ENABLE_TESTABILITY = YES;
				GCC_C_LANGUAGE_STANDARD = gnu11;
				GCC_DYNAMIC_NO_PIC = NO;
				GCC_NO_COMMON_BLOCKS = YES;
				GCC_OPTIMIZATION_LEVEL = 0;
				GCC_PREPROCESSOR_DEFINITIONS = (
					"DEBUG=1",
					"$(inherited)",
				);
				GCC_WARN_64_TO_32_BIT_CONVERSION = YES;
				GCC_WARN_ABOUT_RETURN_TYPE = YES_ERROR;
				GCC_WARN_UNDECLARED_SELECTOR = YES;
				GCC_WARN_UNINITIALIZED_AUTOS = YES_AGGRESSIVE;
				GCC_WARN_UNUSED_FUNCTION = YES;
				GCC_WARN_UNUSED_VARIABLE = YES;
				IPHONEOS_DEPLOYMENT_TARGET = 15.5;
				MTL_ENABLE_DEBUG_INFO = INCLUDE_SOURCE;
				MTL_FAST_MATH = YES;
				ONLY_ACTIVE_ARCH = YES;
				SDKROOT = iphoneos;
				SWIFT_ACTIVE_COMPILATION_CONDITIONS = DEBUG;
				SWIFT_OPTIMIZATION_LEVEL = "-Onone";
			};
			name = Debug;
		};
		439800A428A50DE1005775E3 /* Release */ = {
			isa = XCBuildConfiguration;
			buildSettings = {
				ALWAYS_SEARCH_USER_PATHS = NO;
				CLANG_ANALYZER_NONNULL = YES;
				CLANG_ANALYZER_NUMBER_OBJECT_CONVERSION = YES_AGGRESSIVE;
				CLANG_CXX_LANGUAGE_STANDARD = "gnu++17";
				CLANG_ENABLE_MODULES = YES;
				CLANG_ENABLE_OBJC_ARC = YES;
				CLANG_ENABLE_OBJC_WEAK = YES;
				CLANG_WARN_BLOCK_CAPTURE_AUTORELEASING = YES;
				CLANG_WARN_BOOL_CONVERSION = YES;
				CLANG_WARN_COMMA = YES;
				CLANG_WARN_CONSTANT_CONVERSION = YES;
				CLANG_WARN_DEPRECATED_OBJC_IMPLEMENTATIONS = YES;
				CLANG_WARN_DIRECT_OBJC_ISA_USAGE = YES_ERROR;
				CLANG_WARN_DOCUMENTATION_COMMENTS = YES;
				CLANG_WARN_EMPTY_BODY = YES;
				CLANG_WARN_ENUM_CONVERSION = YES;
				CLANG_WARN_INFINITE_RECURSION = YES;
				CLANG_WARN_INT_CONVERSION = YES;
				CLANG_WARN_NON_LITERAL_NULL_CONVERSION = YES;
				CLANG_WARN_OBJC_IMPLICIT_RETAIN_SELF = YES;
				CLANG_WARN_OBJC_LITERAL_CONVERSION = YES;
				CLANG_WARN_OBJC_ROOT_CLASS = YES_ERROR;
				CLANG_WARN_QUOTED_INCLUDE_IN_FRAMEWORK_HEADER = YES;
				CLANG_WARN_RANGE_LOOP_ANALYSIS = YES;
				CLANG_WARN_STRICT_PROTOTYPES = YES;
				CLANG_WARN_SUSPICIOUS_MOVE = YES;
				CLANG_WARN_UNGUARDED_AVAILABILITY = YES_AGGRESSIVE;
				CLANG_WARN_UNREACHABLE_CODE = YES;
				CLANG_WARN__DUPLICATE_METHOD_MATCH = YES;
				COPY_PHASE_STRIP = NO;
				DEBUG_INFORMATION_FORMAT = "dwarf-with-dsym";
				ENABLE_NS_ASSERTIONS = NO;
				ENABLE_STRICT_OBJC_MSGSEND = YES;
				GCC_C_LANGUAGE_STANDARD = gnu11;
				GCC_NO_COMMON_BLOCKS = YES;
				GCC_WARN_64_TO_32_BIT_CONVERSION = YES;
				GCC_WARN_ABOUT_RETURN_TYPE = YES_ERROR;
				GCC_WARN_UNDECLARED_SELECTOR = YES;
				GCC_WARN_UNINITIALIZED_AUTOS = YES_AGGRESSIVE;
				GCC_WARN_UNUSED_FUNCTION = YES;
				GCC_WARN_UNUSED_VARIABLE = YES;
				IPHONEOS_DEPLOYMENT_TARGET = 15.5;
				MTL_ENABLE_DEBUG_INFO = NO;
				MTL_FAST_MATH = YES;
				SDKROOT = iphoneos;
				SWIFT_COMPILATION_MODE = wholemodule;
				SWIFT_OPTIMIZATION_LEVEL = "-O";
				VALIDATE_PRODUCT = YES;
			};
			name = Release;
		};
		439800A628A50DE1005775E3 /* Debug */ = {
			isa = XCBuildConfiguration;
			baseConfigurationReference = EBCF05EFF7E664A32F675754 /* Pods-FindWeather.debug.xcconfig */;
			buildSettings = {
				ASSETCATALOG_COMPILER_APPICON_NAME = AppIcon;
				ASSETCATALOG_COMPILER_GLOBAL_ACCENT_COLOR_NAME = AccentColor;
				CODE_SIGN_STYLE = Automatic;
				CURRENT_PROJECT_VERSION = 1;
				GENERATE_INFOPLIST_FILE = YES;
				INFOPLIST_FILE = FindWeather/Info.plist;
				INFOPLIST_KEY_CFBundleDisplayName = FindWeather;
				INFOPLIST_KEY_UIApplicationSupportsIndirectInputEvents = YES;
				INFOPLIST_KEY_UILaunchStoryboardName = LaunchScreen;
				INFOPLIST_KEY_UIMainStoryboardFile = Main;
				INFOPLIST_KEY_UISupportedInterfaceOrientations_iPad = "UIInterfaceOrientationPortrait UIInterfaceOrientationPortraitUpsideDown UIInterfaceOrientationLandscapeLeft UIInterfaceOrientationLandscapeRight";
				INFOPLIST_KEY_UISupportedInterfaceOrientations_iPhone = "UIInterfaceOrientationPortrait UIInterfaceOrientationLandscapeLeft UIInterfaceOrientationLandscapeRight";
				IPHONEOS_DEPLOYMENT_TARGET = 14.0;
				LD_RUNPATH_SEARCH_PATHS = (
					"$(inherited)",
					"@executable_path/Frameworks",
				);
				MARKETING_VERSION = 1.0;
				PRODUCT_BUNDLE_IDENTIFIER = com.sample.FindWeather;
				PRODUCT_NAME = "$(TARGET_NAME)";
				SWIFT_EMIT_LOC_STRINGS = YES;
				SWIFT_VERSION = 5.0;
				TARGETED_DEVICE_FAMILY = "1,2";
			};
			name = Debug;
		};
		439800A728A50DE1005775E3 /* Release */ = {
			isa = XCBuildConfiguration;
			baseConfigurationReference = 1691AF70DFC7F5E19CFCF967 /* Pods-FindWeather.release.xcconfig */;
			buildSettings = {
				ASSETCATALOG_COMPILER_APPICON_NAME = AppIcon;
				ASSETCATALOG_COMPILER_GLOBAL_ACCENT_COLOR_NAME = AccentColor;
				CODE_SIGN_STYLE = Automatic;
				CURRENT_PROJECT_VERSION = 1;
				GENERATE_INFOPLIST_FILE = YES;
				INFOPLIST_FILE = FindWeather/Info.plist;
				INFOPLIST_KEY_CFBundleDisplayName = FindWeather;
				INFOPLIST_KEY_UIApplicationSupportsIndirectInputEvents = YES;
				INFOPLIST_KEY_UILaunchStoryboardName = LaunchScreen;
				INFOPLIST_KEY_UIMainStoryboardFile = Main;
				INFOPLIST_KEY_UISupportedInterfaceOrientations_iPad = "UIInterfaceOrientationPortrait UIInterfaceOrientationPortraitUpsideDown UIInterfaceOrientationLandscapeLeft UIInterfaceOrientationLandscapeRight";
				INFOPLIST_KEY_UISupportedInterfaceOrientations_iPhone = "UIInterfaceOrientationPortrait UIInterfaceOrientationLandscapeLeft UIInterfaceOrientationLandscapeRight";
				IPHONEOS_DEPLOYMENT_TARGET = 14.0;
				LD_RUNPATH_SEARCH_PATHS = (
					"$(inherited)",
					"@executable_path/Frameworks",
				);
				MARKETING_VERSION = 1.0;
				PRODUCT_BUNDLE_IDENTIFIER = com.sample.FindWeather;
				PRODUCT_NAME = "$(TARGET_NAME)";
				SWIFT_EMIT_LOC_STRINGS = YES;
				SWIFT_VERSION = 5.0;
				TARGETED_DEVICE_FAMILY = "1,2";
			};
			name = Release;
		};
		439800A928A50DE1005775E3 /* Debug */ = {
			isa = XCBuildConfiguration;
			baseConfigurationReference = B90DDC0015702D0D12189709 /* Pods-FindWeatherTests.debug.xcconfig */;
			buildSettings = {
				ALWAYS_EMBED_SWIFT_STANDARD_LIBRARIES = YES;
				BUNDLE_LOADER = "$(TEST_HOST)";
				CODE_SIGN_STYLE = Automatic;
				CURRENT_PROJECT_VERSION = 1;
				GENERATE_INFOPLIST_FILE = YES;
				IPHONEOS_DEPLOYMENT_TARGET = 15.5;
				MARKETING_VERSION = 1.0;
				PRODUCT_BUNDLE_IDENTIFIER = com.sample.FindWeatherTests;
				PRODUCT_NAME = "$(TARGET_NAME)";
				SWIFT_EMIT_LOC_STRINGS = NO;
				SWIFT_VERSION = 5.0;
				TARGETED_DEVICE_FAMILY = "1,2";
				TEST_HOST = "$(BUILT_PRODUCTS_DIR)/FindWeather.app/FindWeather";
			};
			name = Debug;
		};
		439800AA28A50DE1005775E3 /* Release */ = {
			isa = XCBuildConfiguration;
			baseConfigurationReference = 997062BAA99549F38602A20E /* Pods-FindWeatherTests.release.xcconfig */;
			buildSettings = {
				ALWAYS_EMBED_SWIFT_STANDARD_LIBRARIES = YES;
				BUNDLE_LOADER = "$(TEST_HOST)";
				CODE_SIGN_STYLE = Automatic;
				CURRENT_PROJECT_VERSION = 1;
				GENERATE_INFOPLIST_FILE = YES;
				IPHONEOS_DEPLOYMENT_TARGET = 15.5;
				MARKETING_VERSION = 1.0;
				PRODUCT_BUNDLE_IDENTIFIER = com.sample.FindWeatherTests;
				PRODUCT_NAME = "$(TARGET_NAME)";
				SWIFT_EMIT_LOC_STRINGS = NO;
				SWIFT_VERSION = 5.0;
				TARGETED_DEVICE_FAMILY = "1,2";
				TEST_HOST = "$(BUILT_PRODUCTS_DIR)/FindWeather.app/FindWeather";
			};
			name = Release;
		};
		439800AC28A50DE1005775E3 /* Debug */ = {
			isa = XCBuildConfiguration;
			baseConfigurationReference = 114015B429B8ADDFB3CBC1AD /* Pods-FindWeather-FindWeatherUITests.debug.xcconfig */;
			buildSettings = {
				ALWAYS_EMBED_SWIFT_STANDARD_LIBRARIES = YES;
				CODE_SIGN_STYLE = Automatic;
				CURRENT_PROJECT_VERSION = 1;
				GENERATE_INFOPLIST_FILE = YES;
				MARKETING_VERSION = 1.0;
				PRODUCT_BUNDLE_IDENTIFIER = com.sample.FindWeatherUITests;
				PRODUCT_NAME = "$(TARGET_NAME)";
				SWIFT_EMIT_LOC_STRINGS = NO;
				SWIFT_VERSION = 5.0;
				TARGETED_DEVICE_FAMILY = "1,2";
				TEST_TARGET_NAME = FindWeather;
			};
			name = Debug;
		};
		439800AD28A50DE1005775E3 /* Release */ = {
			isa = XCBuildConfiguration;
			baseConfigurationReference = 96B71859F95C4FB6E22DBDCE /* Pods-FindWeather-FindWeatherUITests.release.xcconfig */;
			buildSettings = {
				ALWAYS_EMBED_SWIFT_STANDARD_LIBRARIES = YES;
				CODE_SIGN_STYLE = Automatic;
				CURRENT_PROJECT_VERSION = 1;
				GENERATE_INFOPLIST_FILE = YES;
				MARKETING_VERSION = 1.0;
				PRODUCT_BUNDLE_IDENTIFIER = com.sample.FindWeatherUITests;
				PRODUCT_NAME = "$(TARGET_NAME)";
				SWIFT_EMIT_LOC_STRINGS = NO;
				SWIFT_VERSION = 5.0;
				TARGETED_DEVICE_FAMILY = "1,2";
				TEST_TARGET_NAME = FindWeather;
			};
			name = Release;
		};
/* End XCBuildConfiguration section */

/* Begin XCConfigurationList section */
		4398007328A50DB6005775E3 /* Build configuration list for PBXProject "FindWeather" */ = {
			isa = XCConfigurationList;
			buildConfigurations = (
				439800A328A50DE1005775E3 /* Debug */,
				439800A428A50DE1005775E3 /* Release */,
			);
			defaultConfigurationIsVisible = 0;
			defaultConfigurationName = Release;
		};
		439800A528A50DE1005775E3 /* Build configuration list for PBXNativeTarget "FindWeather" */ = {
			isa = XCConfigurationList;
			buildConfigurations = (
				439800A628A50DE1005775E3 /* Debug */,
				439800A728A50DE1005775E3 /* Release */,
			);
			defaultConfigurationIsVisible = 0;
			defaultConfigurationName = Release;
		};
		439800A828A50DE1005775E3 /* Build configuration list for PBXNativeTarget "FindWeatherTests" */ = {
			isa = XCConfigurationList;
			buildConfigurations = (
				439800A928A50DE1005775E3 /* Debug */,
				439800AA28A50DE1005775E3 /* Release */,
			);
			defaultConfigurationIsVisible = 0;
			defaultConfigurationName = Release;
		};
		439800AB28A50DE1005775E3 /* Build configuration list for PBXNativeTarget "FindWeatherUITests" */ = {
			isa = XCConfigurationList;
			buildConfigurations = (
				439800AC28A50DE1005775E3 /* Debug */,
				439800AD28A50DE1005775E3 /* Release */,
			);
			defaultConfigurationIsVisible = 0;
			defaultConfigurationName = Release;
		};
/* End XCConfigurationList section */

/* Begin XCVersionGroup section */
		4398008428A50DB7005775E3 /* FindWeather.xcdatamodeld */ = {
			isa = XCVersionGroup;
			children = (
				4398008528A50DB7005775E3 /* FindWeather.xcdatamodel */,
			);
			currentVersion = 4398008528A50DB7005775E3 /* FindWeather.xcdatamodel */;
			path = FindWeather.xcdatamodeld;
			sourceTree = "<group>";
			versionGroupType = wrapper.xcdatamodel;
		};
/* End XCVersionGroup section */
	};
	rootObject = 4398007028A50DB5005775E3 /* Project object */;
}
